// !$*UTF8*$!
{
	archiveVersion = 1;
	classes = {
	};
	objectVersion = 46;
	objects = {

/* Begin PBXBuildFile section */
		FC7409CD1C9701EF00A14F59 /* main.m in Sources */ = {isa = PBXBuildFile; fileRef = FC7409CC1C9701EF00A14F59 /* main.m */; };
		FC7409D01C9701EF00A14F59 /* AppDelegate.m in Sources */ = {isa = PBXBuildFile; fileRef = FC7409CF1C9701EF00A14F59 /* AppDelegate.m */; };
		FC7409D31C9701EF00A14F59 /* ViewController.m in Sources */ = {isa = PBXBuildFile; fileRef = FC7409D21C9701EF00A14F59 /* ViewController.m */; };
		FC7409D61C9701EF00A14F59 /* Main.storyboard in Resources */ = {isa = PBXBuildFile; fileRef = FC7409D41C9701EF00A14F59 /* Main.storyboard */; };
		FC7409D81C9701EF00A14F59 /* Assets.xcassets in Resources */ = {isa = PBXBuildFile; fileRef = FC7409D71C9701EF00A14F59 /* Assets.xcassets */; };
		FC7409DB1C9701EF00A14F59 /* LaunchScreen.storyboard in Resources */ = {isa = PBXBuildFile; fileRef = FC7409D91C9701EF00A14F59 /* LaunchScreen.storyboard */; };
		FC7409E61C9701EF00A14F59 /* dropitTests.m in Sources */ = {isa = PBXBuildFile; fileRef = FC7409E51C9701EF00A14F59 /* dropitTests.m */; };
		FC7409F11C9701EF00A14F59 /* dropitUITests.m in Sources */ = {isa = PBXBuildFile; fileRef = FC7409F01C9701EF00A14F59 /* dropitUITests.m */; };
/* End PBXBuildFile section */

/* Begin PBXContainerItemProxy section */
		FC7409E21C9701EF00A14F59 /* PBXContainerItemProxy */ = {
			isa = PBXContainerItemProxy;
			containerPortal = FC7409C01C9701EF00A14F59 /* Project object */;
			proxyType = 1;
			remoteGlobalIDString = FC7409C71C9701EF00A14F59;
			remoteInfo = dropit;
		};
		FC7409ED1C9701EF00A14F59 /* PBXContainerItemProxy */ = {
			isa = PBXContainerItemProxy;
			containerPortal = FC7409C01C9701EF00A14F59 /* Project object */;
			proxyType = 1;
			remoteGlobalIDString = FC7409C71C9701EF00A14F59;
			remoteInfo = dropit;
		};
/* End PBXContainerItemProxy section */

/* Begin PBXFileReference section */
		FC7409C81C9701EF00A14F59 /* dropit.app */ = {isa = PBXFileReference; explicitFileType = wrapper.application; includeInIndex = 0; path = dropit.app; sourceTree = BUILT_PRODUCTS_DIR; };
		FC7409CC1C9701EF00A14F59 /* main.m */ = {isa = PBXFileReference; lastKnownFileType = sourcecode.c.objc; path = main.m; sourceTree = "<group>"; };
		FC7409CE1C9701EF00A14F59 /* AppDelegate.h */ = {isa = PBXFileReference; lastKnownFileType = sourcecode.c.h; path = AppDelegate.h; sourceTree = "<group>"; };
		FC7409CF1C9701EF00A14F59 /* AppDelegate.m */ = {isa = PBXFileReference; lastKnownFileType = sourcecode.c.objc; path = AppDelegate.m; sourceTree = "<group>"; };
		FC7409D11C9701EF00A14F59 /* ViewController.h */ = {isa = PBXFileReference; lastKnownFileType = sourcecode.c.h; path = ViewController.h; sourceTree = "<group>"; };
		FC7409D21C9701EF00A14F59 /* ViewController.m */ = {isa = PBXFileReference; lastKnownFileType = sourcecode.c.objc; path = ViewController.m; sourceTree = "<group>"; };
		FC7409D51C9701EF00A14F59 /* Base */ = {isa = PBXFileReference; lastKnownFileType = file.storyboard; name = Base; path = Base.lproj/Main.storyboard; sourceTree = "<group>"; };
		FC7409D71C9701EF00A14F59 /* Assets.xcassets */ = {isa = PBXFileReference; lastKnownFileType = folder.assetcatalog; path = Assets.xcassets; sourceTree = "<group>"; };
		FC7409DA1C9701EF00A14F59 /* Base */ = {isa = PBXFileReference; lastKnownFileType = file.storyboard; name = Base; path = Base.lproj/LaunchScreen.storyboard; sourceTree = "<group>"; };
		FC7409DC1C9701EF00A14F59 /* Info.plist */ = {isa = PBXFileReference; lastKnownFileType = text.plist.xml; path = Info.plist; sourceTree = "<group>"; };
		FC7409E11C9701EF00A14F59 /* dropitTests.xctest */ = {isa = PBXFileReference; explicitFileType = wrapper.cfbundle; includeInIndex = 0; path = dropitTests.xctest; sourceTree = BUILT_PRODUCTS_DIR; };
		FC7409E51C9701EF00A14F59 /* dropitTests.m */ = {isa = PBXFileReference; lastKnownFileType = sourcecode.c.objc; path = dropitTests.m; sourceTree = "<group>"; };
		FC7409E71C9701EF00A14F59 /* Info.plist */ = {isa = PBXFileReference; lastKnownFileType = text.plist.xml; path = Info.plist; sourceTree = "<group>"; };
		FC7409EC1C9701EF00A14F59 /* dropitUITests.xctest */ = {isa = PBXFileReference; explicitFileType = wrapper.cfbundle; includeInIndex = 0; path = dropitUITests.xctest; sourceTree = BUILT_PRODUCTS_DIR; };
		FC7409F01C9701EF00A14F59 /* dropitUITests.m */ = {isa = PBXFileReference; lastKnownFileType = sourcecode.c.objc; path = dropitUITests.m; sourceTree = "<group>"; };
		FC7409F21C9701EF00A14F59 /* Info.plist */ = {isa = PBXFileReference; lastKnownFileType = text.plist.xml; path = Info.plist; sourceTree = "<group>"; };
/* End PBXFileReference section */

/* Begin PBXFrameworksBuildPhase section */
		FC7409C51C9701EF00A14F59 /* Frameworks */ = {
			isa = PBXFrameworksBuildPhase;
			buildActionMask = 2147483647;
			files = (
			);
			runOnlyForDeploymentPostprocessing = 0;
		};
		FC7409DE1C9701EF00A14F59 /* Frameworks */ = {
			isa = PBXFrameworksBuildPhase;
			buildActionMask = 2147483647;
			files = (
			);
			runOnlyForDeploymentPostprocessing = 0;
		};
		FC7409E91C9701EF00A14F59 /* Frameworks */ = {
			isa = PBXFrameworksBuildPhase;
			buildActionMask = 2147483647;
			files = (
			);
			runOnlyForDeploymentPostprocessing = 0;
		};
/* End PBXFrameworksBuildPhase section */

/* Begin PBXGroup section */
		FC7409BF1C9701EF00A14F59 = {
			isa = PBXGroup;
			children = (
				FC7409CA1C9701EF00A14F59 /* dropit */,
				FC7409E41C9701EF00A14F59 /* dropitTests */,
				FC7409EF1C9701EF00A14F59 /* dropitUITests */,
				FC7409C91C9701EF00A14F59 /* Products */,
			);
			sourceTree = "<group>";
		};
		FC7409C91C9701EF00A14F59 /* Products */ = {
			isa = PBXGroup;
			children = (
				FC7409C81C9701EF00A14F59 /* dropit.app */,
				FC7409E11C9701EF00A14F59 /* dropitTests.xctest */,
				FC7409EC1C9701EF00A14F59 /* dropitUITests.xctest */,
			);
			name = Products;
			sourceTree = "<group>";
		};
		FC7409CA1C9701EF00A14F59 /* dropit */ = {
			isa = PBXGroup;
			children = (
				FC7409CE1C9701EF00A14F59 /* AppDelegate.h */,
				FC7409CF1C9701EF00A14F59 /* AppDelegate.m */,
				FC7409D11C9701EF00A14F59 /* ViewController.h */,
				FC7409D21C9701EF00A14F59 /* ViewController.m */,
				FC7409D41C9701EF00A14F59 /* Main.storyboard */,
				FC7409D71C9701EF00A14F59 /* Assets.xcassets */,
				FC7409D91C9701EF00A14F59 /* LaunchScreen.storyboard */,
				FC7409DC1C9701EF00A14F59 /* Info.plist */,
				FC7409CB1C9701EF00A14F59 /* Supporting Files */,
			);
			path = dropit;
			sourceTree = "<group>";
		};
		FC7409CB1C9701EF00A14F59 /* Supporting Files */ = {
			isa = PBXGroup;
			children = (
				FC7409CC1C9701EF00A14F59 /* main.m */,
			);
			name = "Supporting Files";
			sourceTree = "<group>";
		};
		FC7409E41C9701EF00A14F59 /* dropitTests */ = {
			isa = PBXGroup;
			children = (
				FC7409E51C9701EF00A14F59 /* dropitTests.m */,
				FC7409E71C9701EF00A14F59 /* Info.plist */,
			);
			path = dropitTests;
			sourceTree = "<group>";
		};
		FC7409EF1C9701EF00A14F59 /* dropitUITests */ = {
			isa = PBXGroup;
			children = (
				FC7409F01C9701EF00A14F59 /* dropitUITests.m */,
				FC7409F21C9701EF00A14F59 /* Info.plist */,
			);
			path = dropitUITests;
			sourceTree = "<group>";
		};
/* End PBXGroup section */

/* Begin PBXNativeTarget section */
		FC7409C71C9701EF00A14F59 /* dropit */ = {
			isa = PBXNativeTarget;
			buildConfigurationList = FC7409F51C9701EF00A14F59 /* Build configuration list for PBXNativeTarget "dropit" */;
			buildPhases = (
				FC7409C41C9701EF00A14F59 /* Sources */,
				FC7409C51C9701EF00A14F59 /* Frameworks */,
				FC7409C61C9701EF00A14F59 /* Resources */,
			);
			buildRules = (
			);
			dependencies = (
			);
			name = dropit;
			productName = dropit;
			productReference = FC7409C81C9701EF00A14F59 /* dropit.app */;
			productType = "com.apple.product-type.application";
		};
		FC7409E01C9701EF00A14F59 /* dropitTests */ = {
			isa = PBXNativeTarget;
			buildConfigurationList = FC7409F81C9701EF00A14F59 /* Build configuration list for PBXNativeTarget "dropitTests" */;
			buildPhases = (
				FC7409DD1C9701EF00A14F59 /* Sources */,
				FC7409DE1C9701EF00A14F59 /* Frameworks */,
				FC7409DF1C9701EF00A14F59 /* Resources */,
			);
			buildRules = (
			);
			dependencies = (
				FC7409E31C9701EF00A14F59 /* PBXTargetDependency */,
			);
			name = dropitTests;
			productName = dropitTests;
			productReference = FC7409E11C9701EF00A14F59 /* dropitTests.xctest */;
			productType = "com.apple.product-type.bundle.unit-test";
		};
		FC7409EB1C9701EF00A14F59 /* dropitUITests */ = {
			isa = PBXNativeTarget;
			buildConfigurationList = FC7409FB1C9701EF00A14F59 /* Build configuration list for PBXNativeTarget "dropitUITests" */;
			buildPhases = (
				FC7409E81C9701EF00A14F59 /* Sources */,
				FC7409E91C9701EF00A14F59 /* Frameworks */,
				FC7409EA1C9701EF00A14F59 /* Resources */,
			);
			buildRules = (
			);
			dependencies = (
				FC7409EE1C9701EF00A14F59 /* PBXTargetDependency */,
			);
			name = dropitUITests;
			productName = dropitUITests;
			productReference = FC7409EC1C9701EF00A14F59 /* dropitUITests.xctest */;
			productType = "com.apple.product-type.bundle.ui-testing";
		};
/* End PBXNativeTarget section */

/* Begin PBXProject section */
		FC7409C01C9701EF00A14F59 /* Project object */ = {
			isa = PBXProject;
			attributes = {
				LastUpgradeCheck = 0710;
				ORGANIZATIONNAME = wxc;
				TargetAttributes = {
					FC7409C71C9701EF00A14F59 = {
						CreatedOnToolsVersion = 7.1.1;
					};
					FC7409E01C9701EF00A14F59 = {
						CreatedOnToolsVersion = 7.1.1;
						TestTargetID = FC7409C71C9701EF00A14F59;
					};
					FC7409EB1C9701EF00A14F59 = {
						CreatedOnToolsVersion = 7.1.1;
						TestTargetID = FC7409C71C9701EF00A14F59;
					};
				};
			};
			buildConfigurationList = FC7409C31C9701EF00A14F59 /* Build configuration list for PBXProject "dropit" */;
			compatibilityVersion = "Xcode 3.2";
			developmentRegion = English;
			hasScannedForEncodings = 0;
			knownRegions = (
				en,
				Base,
			);
			mainGroup = FC7409BF1C9701EF00A14F59;
			productRefGroup = FC7409C91C9701EF00A14F59 /* Products */;
			projectDirPath = "";
			projectRoot = "";
			targets = (
				FC7409C71C9701EF00A14F59 /* dropit */,
				FC7409E01C9701EF00A14F59 /* dropitTests */,
				FC7409EB1C9701EF00A14F59 /* dropitUITests */,
			);
		};
/* End PBXProject section */

/* Begin PBXResourcesBuildPhase section */
		FC7409C61C9701EF00A14F59 /* Resources */ = {
			isa = PBXResourcesBuildPhase;
			buildActionMask = 2147483647;
			files = (
				FC7409DB1C9701EF00A14F59 /* LaunchScreen.storyboard in Resources */,
				FC7409D81C9701EF00A14F59 /* Assets.xcassets in Resources */,
				FC7409D61C9701EF00A14F59 /* Main.storyboard in Resources */,
			);
			runOnlyForDeploymentPostprocessing = 0;
		};
		FC7409DF1C9701EF00A14F59 /* Resources */ = {
			isa = PBXResourcesBuildPhase;
			buildActionMask = 2147483647;
			files = (
			);
			runOnlyForDeploymentPostprocessing = 0;
		};
		FC7409EA1C9701EF00A14F59 /* Resources */ = {
			isa = PBXResourcesBuildPhase;
			buildActionMask = 2147483647;
			files = (
			);
			runOnlyForDeploymentPostprocessing = 0;
		};
/* End PBXResourcesBuildPhase section */

/* Begin PBXSourcesBuildPhase section */
		FC7409C41C9701EF00A14F59 /* Sources */ = {
			isa = PBXSourcesBuildPhase;
			buildActionMask = 2147483647;
			files = (
				FC7409D31C9701EF00A14F59 /* ViewController.m in Sources */,
				FC7409D01C9701EF00A14F59 /* AppDelegate.m in Sources */,
				FC7409CD1C9701EF00A14F59 /* main.m in Sources */,
			);
			runOnlyForDeploymentPostprocessing = 0;
		};
		FC7409DD1C9701EF00A14F59 /* Sources */ = {
			isa = PBXSourcesBuildPhase;
			buildActionMask = 2147483647;
			files = (
				FC7409E61C9701EF00A14F59 /* dropitTests.m in Sources */,
			);
			runOnlyForDeploymentPostprocessing = 0;
		};
		FC7409E81C9701EF00A14F59 /* Sources */ = {
			isa = PBXSourcesBuildPhase;
			buildActionMask = 2147483647;
			files = (
				FC7409F11C9701EF00A14F59 /* dropitUITests.m in Sources */,
			);
			runOnlyForDeploymentPostprocessing = 0;
		};
/* End PBXSourcesBuildPhase section */

/* Begin PBXTargetDependency section */
		FC7409E31C9701EF00A14F59 /* PBXTargetDependency */ = {
			isa = PBXTargetDependency;
			target = FC7409C71C9701EF00A14F59 /* dropit */;
			targetProxy = FC7409E21C9701EF00A14F59 /* PBXContainerItemProxy */;
		};
		FC7409EE1C9701EF00A14F59 /* PBXTargetDependency */ = {
			isa = PBXTargetDependency;
			target = FC7409C71C9701EF00A14F59 /* dropit */;
			targetProxy = FC7409ED1C9701EF00A14F59 /* PBXContainerItemProxy */;
		};
/* End PBXTargetDependency section */

/* Begin PBXVariantGroup section */
		FC7409D41C9701EF00A14F59 /* Main.storyboard */ = {
			isa = PBXVariantGroup;
			children = (
				FC7409D51C9701EF00A14F59 /* Base */,
			);
			name = Main.storyboard;
			sourceTree = "<group>";
		};
		FC7409D91C9701EF00A14F59 /* LaunchScreen.storyboard */ = {
			isa = PBXVariantGroup;
			children = (
				FC7409DA1C9701EF00A14F59 /* Base */,
			);
			name = LaunchScreen.storyboard;
			sourceTree = "<group>";
		};
/* End PBXVariantGroup section */

/* Begin XCBuildConfiguration section */
		FC7409F31C9701EF00A14F59 /* Debug */ = {
			isa = XCBuildConfiguration;
			buildSettings = {
				ALWAYS_SEARCH_USER_PATHS = NO;
				CLANG_CXX_LANGUAGE_STANDARD = "gnu++0x";
				CLANG_CXX_LIBRARY = "libc++";
				CLANG_ENABLE_MODULES = YES;
				CLANG_ENABLE_OBJC_ARC = YES;
				CLANG_WARN_BOOL_CONVERSION = YES;
				CLANG_WARN_CONSTANT_CONVERSION = YES;
				CLANG_WARN_DIRECT_OBJC_ISA_USAGE = YES_ERROR;
				CLANG_WARN_EMPTY_BODY = YES;
				CLANG_WARN_ENUM_CONVERSION = YES;
				CLANG_WARN_INT_CONVERSION = YES;
				CLANG_WARN_OBJC_ROOT_CLASS = YES_ERROR;
				CLANG_WARN_UNREACHABLE_CODE = YES;
				CLANG_WARN__DUPLICATE_METHOD_MATCH = YES;
				"CODE_SIGN_IDENTITY[sdk=iphoneos*]" = "iPhone Developer";
				COPY_PHASE_STRIP = NO;
				DEBUG_INFORMATION_FORMAT = dwarf;
				ENABLE_STRICT_OBJC_MSGSEND = YES;
				ENABLE_TESTABILITY = YES;
				GCC_C_LANGUAGE_STANDARD = gnu99;
				GCC_DYNAMIC_NO_PIC = NO;
				GCC_NO_COMMON_BLOCKS = YES;
				GCC_OPTIMIZATION_LEVEL = 0;
				GCC_PREPROCESSOR_DEFINITIONS = (
					"DEBUG=1",
					"$(inherited)",
				);
				GCC_WARN_64_TO_32_BIT_CONVERSION = YES;
				GCC_WARN_ABOUT_RETURN_TYPE = YES_ERROR;
				GCC_WARN_UNDECLARED_SELECTOR = YES;
				GCC_WARN_UNINITIALIZED_AUTOS = YES_AGGRESSIVE;
				GCC_WARN_UNUSED_FUNCTION = YES;
				GCC_WARN_UNUSED_VARIABLE = YES;
				IPHONEOS_DEPLOYMENT_TARGET = 9.1;
				MTL_ENABLE_DEBUG_INFO = YES;
				ONLY_ACTIVE_ARCH = YES;
				SDKROOT = iphoneos;
				TARGETED_DEVICE_FAMILY = "1,2";
			};
			name = Debug;
		};
		FC7409F41C9701EF00A14F59 /* Release */ = {
			isa = XCBuildConfiguration;
			buildSettings = {
				ALWAYS_SEARCH_USER_PATHS = NO;
				CLANG_CXX_LANGUAGE_STANDARD = "gnu++0x";
				CLANG_CXX_LIBRARY = "libc++";
				CLANG_ENABLE_MODULES = YES;
				CLANG_ENABLE_OBJC_ARC = YES;
				CLANG_WARN_BOOL_CONVERSION = YES;
				CLANG_WARN_CONSTANT_CONVERSION = YES;
				CLANG_WARN_DIRECT_OBJC_ISA_USAGE = YES_ERROR;
				CLANG_WARN_EMPTY_BODY = YES;
				CLANG_WARN_ENUM_CONVERSION = YES;
				CLANG_WARN_INT_CONVERSION = YES;
				CLANG_WARN_OBJC_ROOT_CLASS = YES_ERROR;
				CLANG_WARN_UNREACHABLE_CODE = YES;
				CLANG_WARN__DUPLICATE_METHOD_MATCH = YES;
				"CODE_SIGN_IDENTITY[sdk=iphoneos*]" = "iPhone Developer";
				COPY_PHASE_STRIP = NO;
				DEBUG_INFORMATION_FORMAT = "dwarf-with-dsym";
				ENABLE_NS_ASSERTIONS = NO;
				ENABLE_STRICT_OBJC_MSGSEND = YES;
				GCC_C_LANGUAGE_STANDARD = gnu99;
				GCC_NO_COMMON_BLOCKS = YES;
				GCC_WARN_64_TO_32_BIT_CONVERSION = YES;
				GCC_WARN_ABOUT_RETURN_TYPE = YES_ERROR;
				GCC_WARN_UNDECLARED_SELECTOR = YES;
				GCC_WARN_UNINITIALIZED_AUTOS = YES_AGGRESSIVE;
				GCC_WARN_UNUSED_FUNCTION = YES;
				GCC_WARN_UNUSED_VARIABLE = YES;
				IPHONEOS_DEPLOYMENT_TARGET = 9.1;
				MTL_ENABLE_DEBUG_INFO = NO;
				SDKROOT = iphoneos;
				TARGETED_DEVICE_FAMILY = "1,2";
				VALIDATE_PRODUCT = YES;
			};
			name = Release;
		};
		FC7409F61C9701EF00A14F59 /* Debug */ = {
			isa = XCBuildConfiguration;
			buildSettings = {
				ASSETCATALOG_COMPILER_APPICON_NAME = AppIcon;
				INFOPLIST_FILE = dropit/Info.plist;
				LD_RUNPATH_SEARCH_PATHS = "$(inherited) @executable_path/Frameworks";
				PRODUCT_BUNDLE_IDENTIFIER = wxc.dropit;
				PRODUCT_NAME = "$(TARGET_NAME)";
			};
			name = Debug;
		};
		FC7409F71C9701EF00A14F59 /* Release */ = {
			isa = XCBuildConfiguration;
			buildSettings = {
				ASSETCATALOG_COMPILER_APPICON_NAME = AppIcon;
				INFOPLIST_FILE = dropit/Info.plist;
				LD_RUNPATH_SEARCH_PATHS = "$(inherited) @executable_path/Frameworks";
				PRODUCT_BUNDLE_IDENTIFIER = wxc.dropit;
				PRODUCT_NAME = "$(TARGET_NAME)";
			};
			name = Release;
		};
		FC7409F91C9701EF00A14F59 /* Debug */ = {
			isa = XCBuildConfiguration;
			buildSettings = {
				BUNDLE_LOADER = "$(TEST_HOST)";
				INFOPLIST_FILE = dropitTests/Info.plist;
				LD_RUNPATH_SEARCH_PATHS = "$(inherited) @executable_path/Frameworks @loader_path/Frameworks";
				PRODUCT_BUNDLE_IDENTIFIER = wxc.dropitTests;
				PRODUCT_NAME = "$(TARGET_NAME)";
				TEST_HOST = "$(BUILT_PRODUCTS_DIR)/dropit.app/dropit";
			};
			name = Debug;
		};
		FC7409FA1C9701EF00A14F59 /* Release */ = {
			isa = XCBuildConfiguration;
			buildSettings = {
				BUNDLE_LOADER = "$(TEST_HOST)";
				INFOPLIST_FILE = dropitTests/Info.plist;
				LD_RUNPATH_SEARCH_PATHS = "$(inherited) @executable_path/Frameworks @loader_path/Frameworks";
				PRODUCT_BUNDLE_IDENTIFIER = wxc.dropitTests;
				PRODUCT_NAME = "$(TARGET_NAME)";
				TEST_HOST = "$(BUILT_PRODUCTS_DIR)/dropit.app/dropit";
			};
			name = Release;
		};
		FC7409FC1C9701EF00A14F59 /* Debug */ = {
			isa = XCBuildConfiguration;
			buildSettings = {
				INFOPLIST_FILE = dropitUITests/Info.plist;
				LD_RUNPATH_SEARCH_PATHS = "$(inherited) @executable_path/Frameworks @loader_path/Frameworks";
				PRODUCT_BUNDLE_IDENTIFIER = wxc.dropitUITests;
				PRODUCT_NAME = "$(TARGET_NAME)";
				TEST_TARGET_NAME = dropit;
				USES_XCTRUNNER = YES;
			};
			name = Debug;
		};
		FC7409FD1C9701EF00A14F59 /* Release */ = {
			isa = XCBuildConfiguration;
			buildSettings = {
				INFOPLIST_FILE = dropitUITests/Info.plist;
				LD_RUNPATH_SEARCH_PATHS = "$(inherited) @executable_path/Frameworks @loader_path/Frameworks";
				PRODUCT_BUNDLE_IDENTIFIER = wxc.dropitUITests;
				PRODUCT_NAME = "$(TARGET_NAME)";
				TEST_TARGET_NAME = dropit;
				USES_XCTRUNNER = YES;
			};
			name = Release;
		};
/* End XCBuildConfiguration section */

/* Begin XCConfigurationList section */
		FC7409C31C9701EF00A14F59 /* Build configuration list for PBXProject "dropit" */ = {
			isa = XCConfigurationList;
			buildConfigurations = (
				FC7409F31C9701EF00A14F59 /* Debug */,
				FC7409F41C9701EF00A14F59 /* Release */,
			);
			defaultConfigurationIsVisible = 0;
			defaultConfigurationName = Release;
		};
		FC7409F51C9701EF00A14F59 /* Build configuration list for PBXNativeTarget "dropit" */ = {
			isa = XCConfigurationList;
			buildConfigurations = (
				FC7409F61C9701EF00A14F59 /* Debug */,
				FC7409F71C9701EF00A14F59 /* Release */,
			);
			defaultConfigurationIsVisible = 0;
		};
		FC7409F81C9701EF00A14F59 /* Build configuration list for PBXNativeTarget "dropitTests" */ = {
			isa = XCConfigurationList;
			buildConfigurations = (
				FC7409F91C9701EF00A14F59 /* Debug */,
				FC7409FA1C9701EF00A14F59 /* Release */,
			);
			defaultConfigurationIsVisible = 0;
		};
		FC7409FB1C9701EF00A14F59 /* Build configuration list for PBXNativeTarget "dropitUITests" */ = {
			isa = XCConfigurationList;
			buildConfigurations = (
				FC7409FC1C9701EF00A14F59 /* Debug */,
				FC7409FD1C9701EF00A14F59 /* Release */,
			);
			defaultConfigurationIsVisible = 0;
		};
/* End XCConfigurationList section */
	};
	rootObject = FC7409C01C9701EF00A14F59 /* Project object */;
}
