// !$*UTF8*$!
{
	archiveVersion = 1;
	classes = {
	};
	objectVersion = 46;
	objects = {

/* Begin PBXBuildFile section */
		FCA063271C8C7C0700BDCB6F /* main.m in Sources */ = {isa = PBXBuildFile; fileRef = FCA063261C8C7C0700BDCB6F /* main.m */; };
		FCA0632A1C8C7C0700BDCB6F /* AppDelegate.m in Sources */ = {isa = PBXBuildFile; fileRef = FCA063291C8C7C0700BDCB6F /* AppDelegate.m */; };
		FCA0632D1C8C7C0700BDCB6F /* ViewController.m in Sources */ = {isa = PBXBuildFile; fileRef = FCA0632C1C8C7C0700BDCB6F /* ViewController.m */; };
		FCA063301C8C7C0700BDCB6F /* Main.storyboard in Resources */ = {isa = PBXBuildFile; fileRef = FCA0632E1C8C7C0700BDCB6F /* Main.storyboard */; };
		FCA063321C8C7C0700BDCB6F /* Assets.xcassets in Resources */ = {isa = PBXBuildFile; fileRef = FCA063311C8C7C0700BDCB6F /* Assets.xcassets */; };
		FCA063351C8C7C0700BDCB6F /* LaunchScreen.storyboard in Resources */ = {isa = PBXBuildFile; fileRef = FCA063331C8C7C0700BDCB6F /* LaunchScreen.storyboard */; };
		FCA063401C8C7C0800BDCB6F /* bankTests.m in Sources */ = {isa = PBXBuildFile; fileRef = FCA0633F1C8C7C0800BDCB6F /* bankTests.m */; };
		FCA0634B1C8C7C0800BDCB6F /* bankUITests.m in Sources */ = {isa = PBXBuildFile; fileRef = FCA0634A1C8C7C0800BDCB6F /* bankUITests.m */; };
/* End PBXBuildFile section */

/* Begin PBXContainerItemProxy section */
		FCA0633C1C8C7C0800BDCB6F /* PBXContainerItemProxy */ = {
			isa = PBXContainerItemProxy;
			containerPortal = FCA0631A1C8C7C0700BDCB6F /* Project object */;
			proxyType = 1;
			remoteGlobalIDString = FCA063211C8C7C0700BDCB6F;
			remoteInfo = bank;
		};
		FCA063471C8C7C0800BDCB6F /* PBXContainerItemProxy */ = {
			isa = PBXContainerItemProxy;
			containerPortal = FCA0631A1C8C7C0700BDCB6F /* Project object */;
			proxyType = 1;
			remoteGlobalIDString = FCA063211C8C7C0700BDCB6F;
			remoteInfo = bank;
		};
/* End PBXContainerItemProxy section */

/* Begin PBXFileReference section */
		FCA063221C8C7C0700BDCB6F /* bank.app */ = {isa = PBXFileReference; explicitFileType = wrapper.application; includeInIndex = 0; path = bank.app; sourceTree = BUILT_PRODUCTS_DIR; };
		FCA063261C8C7C0700BDCB6F /* main.m */ = {isa = PBXFileReference; lastKnownFileType = sourcecode.c.objc; path = main.m; sourceTree = "<group>"; };
		FCA063281C8C7C0700BDCB6F /* AppDelegate.h */ = {isa = PBXFileReference; lastKnownFileType = sourcecode.c.h; path = AppDelegate.h; sourceTree = "<group>"; };
		FCA063291C8C7C0700BDCB6F /* AppDelegate.m */ = {isa = PBXFileReference; lastKnownFileType = sourcecode.c.objc; path = AppDelegate.m; sourceTree = "<group>"; };
		FCA0632B1C8C7C0700BDCB6F /* ViewController.h */ = {isa = PBXFileReference; lastKnownFileType = sourcecode.c.h; path = ViewController.h; sourceTree = "<group>"; };
		FCA0632C1C8C7C0700BDCB6F /* ViewController.m */ = {isa = PBXFileReference; lastKnownFileType = sourcecode.c.objc; path = ViewController.m; sourceTree = "<group>"; };
		FCA0632F1C8C7C0700BDCB6F /* Base */ = {isa = PBXFileReference; lastKnownFileType = file.storyboard; name = Base; path = Base.lproj/Main.storyboard; sourceTree = "<group>"; };
		FCA063311C8C7C0700BDCB6F /* Assets.xcassets */ = {isa = PBXFileReference; lastKnownFileType = folder.assetcatalog; path = Assets.xcassets; sourceTree = "<group>"; };
		FCA063341C8C7C0700BDCB6F /* Base */ = {isa = PBXFileReference; lastKnownFileType = file.storyboard; name = Base; path = Base.lproj/LaunchScreen.storyboard; sourceTree = "<group>"; };
		FCA063361C8C7C0700BDCB6F /* Info.plist */ = {isa = PBXFileReference; lastKnownFileType = text.plist.xml; path = Info.plist; sourceTree = "<group>"; };
		FCA0633B1C8C7C0800BDCB6F /* bankTests.xctest */ = {isa = PBXFileReference; explicitFileType = wrapper.cfbundle; includeInIndex = 0; path = bankTests.xctest; sourceTree = BUILT_PRODUCTS_DIR; };
		FCA0633F1C8C7C0800BDCB6F /* bankTests.m */ = {isa = PBXFileReference; lastKnownFileType = sourcecode.c.objc; path = bankTests.m; sourceTree = "<group>"; };
		FCA063411C8C7C0800BDCB6F /* Info.plist */ = {isa = PBXFileReference; lastKnownFileType = text.plist.xml; path = Info.plist; sourceTree = "<group>"; };
		FCA063461C8C7C0800BDCB6F /* bankUITests.xctest */ = {isa = PBXFileReference; explicitFileType = wrapper.cfbundle; includeInIndex = 0; path = bankUITests.xctest; sourceTree = BUILT_PRODUCTS_DIR; };
		FCA0634A1C8C7C0800BDCB6F /* bankUITests.m */ = {isa = PBXFileReference; lastKnownFileType = sourcecode.c.objc; path = bankUITests.m; sourceTree = "<group>"; };
		FCA0634C1C8C7C0800BDCB6F /* Info.plist */ = {isa = PBXFileReference; lastKnownFileType = text.plist.xml; path = Info.plist; sourceTree = "<group>"; };
/* End PBXFileReference section */

/* Begin PBXFrameworksBuildPhase section */
		FCA0631F1C8C7C0700BDCB6F /* Frameworks */ = {
			isa = PBXFrameworksBuildPhase;
			buildActionMask = 2147483647;
			files = (
			);
			runOnlyForDeploymentPostprocessing = 0;
		};
		FCA063381C8C7C0800BDCB6F /* Frameworks */ = {
			isa = PBXFrameworksBuildPhase;
			buildActionMask = 2147483647;
			files = (
			);
			runOnlyForDeploymentPostprocessing = 0;
		};
		FCA063431C8C7C0800BDCB6F /* Frameworks */ = {
			isa = PBXFrameworksBuildPhase;
			buildActionMask = 2147483647;
			files = (
			);
			runOnlyForDeploymentPostprocessing = 0;
		};
/* End PBXFrameworksBuildPhase section */

/* Begin PBXGroup section */
		FCA063191C8C7C0700BDCB6F = {
			isa = PBXGroup;
			children = (
				FCA063241C8C7C0700BDCB6F /* bank */,
				FCA0633E1C8C7C0800BDCB6F /* bankTests */,
				FCA063491C8C7C0800BDCB6F /* bankUITests */,
				FCA063231C8C7C0700BDCB6F /* Products */,
			);
			sourceTree = "<group>";
		};
		FCA063231C8C7C0700BDCB6F /* Products */ = {
			isa = PBXGroup;
			children = (
				FCA063221C8C7C0700BDCB6F /* bank.app */,
				FCA0633B1C8C7C0800BDCB6F /* bankTests.xctest */,
				FCA063461C8C7C0800BDCB6F /* bankUITests.xctest */,
			);
			name = Products;
			sourceTree = "<group>";
		};
		FCA063241C8C7C0700BDCB6F /* bank */ = {
			isa = PBXGroup;
			children = (
				FCA063281C8C7C0700BDCB6F /* AppDelegate.h */,
				FCA063291C8C7C0700BDCB6F /* AppDelegate.m */,
				FCA0632B1C8C7C0700BDCB6F /* ViewController.h */,
				FCA0632C1C8C7C0700BDCB6F /* ViewController.m */,
				FCA0632E1C8C7C0700BDCB6F /* Main.storyboard */,
				FCA063311C8C7C0700BDCB6F /* Assets.xcassets */,
				FCA063331C8C7C0700BDCB6F /* LaunchScreen.storyboard */,
				FCA063361C8C7C0700BDCB6F /* Info.plist */,
				FCA063251C8C7C0700BDCB6F /* Supporting Files */,
			);
			path = bank;
			sourceTree = "<group>";
		};
		FCA063251C8C7C0700BDCB6F /* Supporting Files */ = {
			isa = PBXGroup;
			children = (
				FCA063261C8C7C0700BDCB6F /* main.m */,
			);
			name = "Supporting Files";
			sourceTree = "<group>";
		};
		FCA0633E1C8C7C0800BDCB6F /* bankTests */ = {
			isa = PBXGroup;
			children = (
				FCA0633F1C8C7C0800BDCB6F /* bankTests.m */,
				FCA063411C8C7C0800BDCB6F /* Info.plist */,
			);
			path = bankTests;
			sourceTree = "<group>";
		};
		FCA063491C8C7C0800BDCB6F /* bankUITests */ = {
			isa = PBXGroup;
			children = (
				FCA0634A1C8C7C0800BDCB6F /* bankUITests.m */,
				FCA0634C1C8C7C0800BDCB6F /* Info.plist */,
			);
			path = bankUITests;
			sourceTree = "<group>";
		};
/* End PBXGroup section */

/* Begin PBXNativeTarget section */
		FCA063211C8C7C0700BDCB6F /* bank */ = {
			isa = PBXNativeTarget;
			buildConfigurationList = FCA0634F1C8C7C0800BDCB6F /* Build configuration list for PBXNativeTarget "bank" */;
			buildPhases = (
				FCA0631E1C8C7C0700BDCB6F /* Sources */,
				FCA0631F1C8C7C0700BDCB6F /* Frameworks */,
				FCA063201C8C7C0700BDCB6F /* Resources */,
			);
			buildRules = (
			);
			dependencies = (
			);
			name = bank;
			productName = bank;
			productReference = FCA063221C8C7C0700BDCB6F /* bank.app */;
			productType = "com.apple.product-type.application";
		};
		FCA0633A1C8C7C0800BDCB6F /* bankTests */ = {
			isa = PBXNativeTarget;
			buildConfigurationList = FCA063521C8C7C0800BDCB6F /* Build configuration list for PBXNativeTarget "bankTests" */;
			buildPhases = (
				FCA063371C8C7C0800BDCB6F /* Sources */,
				FCA063381C8C7C0800BDCB6F /* Frameworks */,
				FCA063391C8C7C0800BDCB6F /* Resources */,
			);
			buildRules = (
			);
			dependencies = (
				FCA0633D1C8C7C0800BDCB6F /* PBXTargetDependency */,
			);
			name = bankTests;
			productName = bankTests;
			productReference = FCA0633B1C8C7C0800BDCB6F /* bankTests.xctest */;
			productType = "com.apple.product-type.bundle.unit-test";
		};
		FCA063451C8C7C0800BDCB6F /* bankUITests */ = {
			isa = PBXNativeTarget;
			buildConfigurationList = FCA063551C8C7C0800BDCB6F /* Build configuration list for PBXNativeTarget "bankUITests" */;
			buildPhases = (
				FCA063421C8C7C0800BDCB6F /* Sources */,
				FCA063431C8C7C0800BDCB6F /* Frameworks */,
				FCA063441C8C7C0800BDCB6F /* Resources */,
			);
			buildRules = (
			);
			dependencies = (
				FCA063481C8C7C0800BDCB6F /* PBXTargetDependency */,
			);
			name = bankUITests;
			productName = bankUITests;
			productReference = FCA063461C8C7C0800BDCB6F /* bankUITests.xctest */;
			productType = "com.apple.product-type.bundle.ui-testing";
		};
/* End PBXNativeTarget section */

/* Begin PBXProject section */
		FCA0631A1C8C7C0700BDCB6F /* Project object */ = {
			isa = PBXProject;
			attributes = {
				LastUpgradeCheck = 0710;
				ORGANIZATIONNAME = wxc;
				TargetAttributes = {
					FCA063211C8C7C0700BDCB6F = {
						CreatedOnToolsVersion = 7.1.1;
					};
					FCA0633A1C8C7C0800BDCB6F = {
						CreatedOnToolsVersion = 7.1.1;
						TestTargetID = FCA063211C8C7C0700BDCB6F;
					};
					FCA063451C8C7C0800BDCB6F = {
						CreatedOnToolsVersion = 7.1.1;
						TestTargetID = FCA063211C8C7C0700BDCB6F;
					};
				};
			};
			buildConfigurationList = FCA0631D1C8C7C0700BDCB6F /* Build configuration list for PBXProject "bank" */;
			compatibilityVersion = "Xcode 3.2";
			developmentRegion = English;
			hasScannedForEncodings = 0;
			knownRegions = (
				en,
				Base,
			);
			mainGroup = FCA063191C8C7C0700BDCB6F;
			productRefGroup = FCA063231C8C7C0700BDCB6F /* Products */;
			projectDirPath = "";
			projectRoot = "";
			targets = (
				FCA063211C8C7C0700BDCB6F /* bank */,
				FCA0633A1C8C7C0800BDCB6F /* bankTests */,
				FCA063451C8C7C0800BDCB6F /* bankUITests */,
			);
		};
/* End PBXProject section */

/* Begin PBXResourcesBuildPhase section */
		FCA063201C8C7C0700BDCB6F /* Resources */ = {
			isa = PBXResourcesBuildPhase;
			buildActionMask = 2147483647;
			files = (
				FCA063351C8C7C0700BDCB6F /* LaunchScreen.storyboard in Resources */,
				FCA063321C8C7C0700BDCB6F /* Assets.xcassets in Resources */,
				FCA063301C8C7C0700BDCB6F /* Main.storyboard in Resources */,
			);
			runOnlyForDeploymentPostprocessing = 0;
		};
		FCA063391C8C7C0800BDCB6F /* Resources */ = {
			isa = PBXResourcesBuildPhase;
			buildActionMask = 2147483647;
			files = (
			);
			runOnlyForDeploymentPostprocessing = 0;
		};
		FCA063441C8C7C0800BDCB6F /* Resources */ = {
			isa = PBXResourcesBuildPhase;
			buildActionMask = 2147483647;
			files = (
			);
			runOnlyForDeploymentPostprocessing = 0;
		};
/* End PBXResourcesBuildPhase section */

/* Begin PBXSourcesBuildPhase section */
		FCA0631E1C8C7C0700BDCB6F /* Sources */ = {
			isa = PBXSourcesBuildPhase;
			buildActionMask = 2147483647;
			files = (
				FCA0632D1C8C7C0700BDCB6F /* ViewController.m in Sources */,
				FCA0632A1C8C7C0700BDCB6F /* AppDelegate.m in Sources */,
				FCA063271C8C7C0700BDCB6F /* main.m in Sources */,
			);
			runOnlyForDeploymentPostprocessing = 0;
		};
		FCA063371C8C7C0800BDCB6F /* Sources */ = {
			isa = PBXSourcesBuildPhase;
			buildActionMask = 2147483647;
			files = (
				FCA063401C8C7C0800BDCB6F /* bankTests.m in Sources */,
			);
			runOnlyForDeploymentPostprocessing = 0;
		};
		FCA063421C8C7C0800BDCB6F /* Sources */ = {
			isa = PBXSourcesBuildPhase;
			buildActionMask = 2147483647;
			files = (
				FCA0634B1C8C7C0800BDCB6F /* bankUITests.m in Sources */,
			);
			runOnlyForDeploymentPostprocessing = 0;
		};
/* End PBXSourcesBuildPhase section */

/* Begin PBXTargetDependency section */
		FCA0633D1C8C7C0800BDCB6F /* PBXTargetDependency */ = {
			isa = PBXTargetDependency;
			target = FCA063211C8C7C0700BDCB6F /* bank */;
			targetProxy = FCA0633C1C8C7C0800BDCB6F /* PBXContainerItemProxy */;
		};
		FCA063481C8C7C0800BDCB6F /* PBXTargetDependency */ = {
			isa = PBXTargetDependency;
			target = FCA063211C8C7C0700BDCB6F /* bank */;
			targetProxy = FCA063471C8C7C0800BDCB6F /* PBXContainerItemProxy */;
		};
/* End PBXTargetDependency section */

/* Begin PBXVariantGroup section */
		FCA0632E1C8C7C0700BDCB6F /* Main.storyboard */ = {
			isa = PBXVariantGroup;
			children = (
				FCA0632F1C8C7C0700BDCB6F /* Base */,
			);
			name = Main.storyboard;
			sourceTree = "<group>";
		};
		FCA063331C8C7C0700BDCB6F /* LaunchScreen.storyboard */ = {
			isa = PBXVariantGroup;
			children = (
				FCA063341C8C7C0700BDCB6F /* Base */,
			);
			name = LaunchScreen.storyboard;
			sourceTree = "<group>";
		};
/* End PBXVariantGroup section */

/* Begin XCBuildConfiguration section */
		FCA0634D1C8C7C0800BDCB6F /* Debug */ = {
			isa = XCBuildConfiguration;
			buildSettings = {
				ALWAYS_SEARCH_USER_PATHS = NO;
				CLANG_CXX_LANGUAGE_STANDARD = "gnu++0x";
				CLANG_CXX_LIBRARY = "libc++";
				CLANG_ENABLE_MODULES = YES;
				CLANG_ENABLE_OBJC_ARC = YES;
				CLANG_WARN_BOOL_CONVERSION = YES;
				CLANG_WARN_CONSTANT_CONVERSION = YES;
				CLANG_WARN_DIRECT_OBJC_ISA_USAGE = YES_ERROR;
				CLANG_WARN_EMPTY_BODY = YES;
				CLANG_WARN_ENUM_CONVERSION = YES;
				CLANG_WARN_INT_CONVERSION = YES;
				CLANG_WARN_OBJC_ROOT_CLASS = YES_ERROR;
				CLANG_WARN_UNREACHABLE_CODE = YES;
				CLANG_WARN__DUPLICATE_METHOD_MATCH = YES;
				"CODE_SIGN_IDENTITY[sdk=iphoneos*]" = "iPhone Developer";
				COPY_PHASE_STRIP = NO;
				DEBUG_INFORMATION_FORMAT = dwarf;
				ENABLE_STRICT_OBJC_MSGSEND = YES;
				ENABLE_TESTABILITY = YES;
				GCC_C_LANGUAGE_STANDARD = gnu99;
				GCC_DYNAMIC_NO_PIC = NO;
				GCC_NO_COMMON_BLOCKS = YES;
				GCC_OPTIMIZATION_LEVEL = 0;
				GCC_PREPROCESSOR_DEFINITIONS = (
					"DEBUG=1",
					"$(inherited)",
				);
				GCC_WARN_64_TO_32_BIT_CONVERSION = YES;
				GCC_WARN_ABOUT_RETURN_TYPE = YES_ERROR;
				GCC_WARN_UNDECLARED_SELECTOR = YES;
				GCC_WARN_UNINITIALIZED_AUTOS = YES_AGGRESSIVE;
				GCC_WARN_UNUSED_FUNCTION = YES;
				GCC_WARN_UNUSED_VARIABLE = YES;
				IPHONEOS_DEPLOYMENT_TARGET = 9.1;
				MTL_ENABLE_DEBUG_INFO = YES;
				ONLY_ACTIVE_ARCH = YES;
				SDKROOT = iphoneos;
				TARGETED_DEVICE_FAMILY = "1,2";
			};
			name = Debug;
		};
		FCA0634E1C8C7C0800BDCB6F /* Release */ = {
			isa = XCBuildConfiguration;
			buildSettings = {
				ALWAYS_SEARCH_USER_PATHS = NO;
				CLANG_CXX_LANGUAGE_STANDARD = "gnu++0x";
				CLANG_CXX_LIBRARY = "libc++";
				CLANG_ENABLE_MODULES = YES;
				CLANG_ENABLE_OBJC_ARC = YES;
				CLANG_WARN_BOOL_CONVERSION = YES;
				CLANG_WARN_CONSTANT_CONVERSION = YES;
				CLANG_WARN_DIRECT_OBJC_ISA_USAGE = YES_ERROR;
				CLANG_WARN_EMPTY_BODY = YES;
				CLANG_WARN_ENUM_CONVERSION = YES;
				CLANG_WARN_INT_CONVERSION = YES;
				CLANG_WARN_OBJC_ROOT_CLASS = YES_ERROR;
				CLANG_WARN_UNREACHABLE_CODE = YES;
				CLANG_WARN__DUPLICATE_METHOD_MATCH = YES;
				"CODE_SIGN_IDENTITY[sdk=iphoneos*]" = "iPhone Developer";
				COPY_PHASE_STRIP = NO;
				DEBUG_INFORMATION_FORMAT = "dwarf-with-dsym";
				ENABLE_NS_ASSERTIONS = NO;
				ENABLE_STRICT_OBJC_MSGSEND = YES;
				GCC_C_LANGUAGE_STANDARD = gnu99;
				GCC_NO_COMMON_BLOCKS = YES;
				GCC_WARN_64_TO_32_BIT_CONVERSION = YES;
				GCC_WARN_ABOUT_RETURN_TYPE = YES_ERROR;
				GCC_WARN_UNDECLARED_SELECTOR = YES;
				GCC_WARN_UNINITIALIZED_AUTOS = YES_AGGRESSIVE;
				GCC_WARN_UNUSED_FUNCTION = YES;
				GCC_WARN_UNUSED_VARIABLE = YES;
				IPHONEOS_DEPLOYMENT_TARGET = 9.1;
				MTL_ENABLE_DEBUG_INFO = NO;
				SDKROOT = iphoneos;
				TARGETED_DEVICE_FAMILY = "1,2";
				VALIDATE_PRODUCT = YES;
			};
			name = Release;
		};
		FCA063501C8C7C0800BDCB6F /* Debug */ = {
			isa = XCBuildConfiguration;
			buildSettings = {
				ASSETCATALOG_COMPILER_APPICON_NAME = AppIcon;
				INFOPLIST_FILE = bank/Info.plist;
				LD_RUNPATH_SEARCH_PATHS = "$(inherited) @executable_path/Frameworks";
				PRODUCT_BUNDLE_IDENTIFIER = wxc.bank;
				PRODUCT_NAME = "$(TARGET_NAME)";
			};
			name = Debug;
		};
		FCA063511C8C7C0800BDCB6F /* Release */ = {
			isa = XCBuildConfiguration;
			buildSettings = {
				ASSETCATALOG_COMPILER_APPICON_NAME = AppIcon;
				INFOPLIST_FILE = bank/Info.plist;
				LD_RUNPATH_SEARCH_PATHS = "$(inherited) @executable_path/Frameworks";
				PRODUCT_BUNDLE_IDENTIFIER = wxc.bank;
				PRODUCT_NAME = "$(TARGET_NAME)";
			};
			name = Release;
		};
		FCA063531C8C7C0800BDCB6F /* Debug */ = {
			isa = XCBuildConfiguration;
			buildSettings = {
				BUNDLE_LOADER = "$(TEST_HOST)";
				INFOPLIST_FILE = bankTests/Info.plist;
				LD_RUNPATH_SEARCH_PATHS = "$(inherited) @executable_path/Frameworks @loader_path/Frameworks";
				PRODUCT_BUNDLE_IDENTIFIER = wxc.bankTests;
				PRODUCT_NAME = "$(TARGET_NAME)";
				TEST_HOST = "$(BUILT_PRODUCTS_DIR)/bank.app/bank";
			};
			name = Debug;
		};
		FCA063541C8C7C0800BDCB6F /* Release */ = {
			isa = XCBuildConfiguration;
			buildSettings = {
				BUNDLE_LOADER = "$(TEST_HOST)";
				INFOPLIST_FILE = bankTests/Info.plist;
				LD_RUNPATH_SEARCH_PATHS = "$(inherited) @executable_path/Frameworks @loader_path/Frameworks";
				PRODUCT_BUNDLE_IDENTIFIER = wxc.bankTests;
				PRODUCT_NAME = "$(TARGET_NAME)";
				TEST_HOST = "$(BUILT_PRODUCTS_DIR)/bank.app/bank";
			};
			name = Release;
		};
		FCA063561C8C7C0800BDCB6F /* Debug */ = {
			isa = XCBuildConfiguration;
			buildSettings = {
				INFOPLIST_FILE = bankUITests/Info.plist;
				LD_RUNPATH_SEARCH_PATHS = "$(inherited) @executable_path/Frameworks @loader_path/Frameworks";
				PRODUCT_BUNDLE_IDENTIFIER = wxc.bankUITests;
				PRODUCT_NAME = "$(TARGET_NAME)";
				TEST_TARGET_NAME = bank;
				USES_XCTRUNNER = YES;
			};
			name = Debug;
		};
		FCA063571C8C7C0800BDCB6F /* Release */ = {
			isa = XCBuildConfiguration;
			buildSettings = {
				INFOPLIST_FILE = bankUITests/Info.plist;
				LD_RUNPATH_SEARCH_PATHS = "$(inherited) @executable_path/Frameworks @loader_path/Frameworks";
				PRODUCT_BUNDLE_IDENTIFIER = wxc.bankUITests;
				PRODUCT_NAME = "$(TARGET_NAME)";
				TEST_TARGET_NAME = bank;
				USES_XCTRUNNER = YES;
			};
			name = Release;
		};
/* End XCBuildConfiguration section */

/* Begin XCConfigurationList section */
		FCA0631D1C8C7C0700BDCB6F /* Build configuration list for PBXProject "bank" */ = {
			isa = XCConfigurationList;
			buildConfigurations = (
				FCA0634D1C8C7C0800BDCB6F /* Debug */,
				FCA0634E1C8C7C0800BDCB6F /* Release */,
			);
			defaultConfigurationIsVisible = 0;
			defaultConfigurationName = Release;
		};
		FCA0634F1C8C7C0800BDCB6F /* Build configuration list for PBXNativeTarget "bank" */ = {
			isa = XCConfigurationList;
			buildConfigurations = (
				FCA063501C8C7C0800BDCB6F /* Debug */,
				FCA063511C8C7C0800BDCB6F /* Release */,
			);
			defaultConfigurationIsVisible = 0;
		};
		FCA063521C8C7C0800BDCB6F /* Build configuration list for PBXNativeTarget "bankTests" */ = {
			isa = XCConfigurationList;
			buildConfigurations = (
				FCA063531C8C7C0800BDCB6F /* Debug */,
				FCA063541C8C7C0800BDCB6F /* Release */,
			);
			defaultConfigurationIsVisible = 0;
		};
		FCA063551C8C7C0800BDCB6F /* Build configuration list for PBXNativeTarget "bankUITests" */ = {
			isa = XCConfigurationList;
			buildConfigurations = (
				FCA063561C8C7C0800BDCB6F /* Debug */,
				FCA063571C8C7C0800BDCB6F /* Release */,
			);
			defaultConfigurationIsVisible = 0;
		};
/* End XCConfigurationList section */
	};
	rootObject = FCA0631A1C8C7C0700BDCB6F /* Project object */;
}
