// !$*UTF8*$!
{
	archiveVersion = 1;
	classes = {
	};
	objectVersion = 46;
	objects = {

/* Begin PBXBuildFile section */
		FC5698031C787CCA00DEEEDA /* main.m in Sources */ = {isa = PBXBuildFile; fileRef = FC5698021C787CCA00DEEEDA /* main.m */; };
		FC5698061C787CCA00DEEEDA /* AppDelegate.m in Sources */ = {isa = PBXBuildFile; fileRef = FC5698051C787CCA00DEEEDA /* AppDelegate.m */; };
		FC5698091C787CCA00DEEEDA /* ViewController.m in Sources */ = {isa = PBXBuildFile; fileRef = FC5698081C787CCA00DEEEDA /* ViewController.m */; };
		FC56980C1C787CCA00DEEEDA /* Main.storyboard in Resources */ = {isa = PBXBuildFile; fileRef = FC56980A1C787CCA00DEEEDA /* Main.storyboard */; };
		FC56980E1C787CCA00DEEEDA /* Assets.xcassets in Resources */ = {isa = PBXBuildFile; fileRef = FC56980D1C787CCA00DEEEDA /* Assets.xcassets */; };
		FC5698111C787CCA00DEEEDA /* LaunchScreen.storyboard in Resources */ = {isa = PBXBuildFile; fileRef = FC56980F1C787CCA00DEEEDA /* LaunchScreen.storyboard */; };
		FC56981C1C787CCA00DEEEDA /* uiviewTests.m in Sources */ = {isa = PBXBuildFile; fileRef = FC56981B1C787CCA00DEEEDA /* uiviewTests.m */; };
		FC5698271C787CCA00DEEEDA /* uiviewUITests.m in Sources */ = {isa = PBXBuildFile; fileRef = FC5698261C787CCA00DEEEDA /* uiviewUITests.m */; };
		FC9971321C85E4FF00824FB3 /* SampleProtocol.m in Sources */ = {isa = PBXBuildFile; fileRef = FC9971311C85E4FF00824FB3 /* SampleProtocol.m */; };
/* End PBXBuildFile section */

/* Begin PBXContainerItemProxy section */
		FC5698181C787CCA00DEEEDA /* PBXContainerItemProxy */ = {
			isa = PBXContainerItemProxy;
			containerPortal = FC5697F61C787CCA00DEEEDA /* Project object */;
			proxyType = 1;
			remoteGlobalIDString = FC5697FD1C787CCA00DEEEDA;
			remoteInfo = uiview;
		};
		FC5698231C787CCA00DEEEDA /* PBXContainerItemProxy */ = {
			isa = PBXContainerItemProxy;
			containerPortal = FC5697F61C787CCA00DEEEDA /* Project object */;
			proxyType = 1;
			remoteGlobalIDString = FC5697FD1C787CCA00DEEEDA;
			remoteInfo = uiview;
		};
/* End PBXContainerItemProxy section */

/* Begin PBXFileReference section */
		FC5697FE1C787CCA00DEEEDA /* uiview.app */ = {isa = PBXFileReference; explicitFileType = wrapper.application; includeInIndex = 0; path = uiview.app; sourceTree = BUILT_PRODUCTS_DIR; };
		FC5698021C787CCA00DEEEDA /* main.m */ = {isa = PBXFileReference; lastKnownFileType = sourcecode.c.objc; path = main.m; sourceTree = "<group>"; };
		FC5698041C787CCA00DEEEDA /* AppDelegate.h */ = {isa = PBXFileReference; lastKnownFileType = sourcecode.c.h; path = AppDelegate.h; sourceTree = "<group>"; };
		FC5698051C787CCA00DEEEDA /* AppDelegate.m */ = {isa = PBXFileReference; lastKnownFileType = sourcecode.c.objc; path = AppDelegate.m; sourceTree = "<group>"; };
		FC5698071C787CCA00DEEEDA /* ViewController.h */ = {isa = PBXFileReference; lastKnownFileType = sourcecode.c.h; path = ViewController.h; sourceTree = "<group>"; };
		FC5698081C787CCA00DEEEDA /* ViewController.m */ = {isa = PBXFileReference; lastKnownFileType = sourcecode.c.objc; path = ViewController.m; sourceTree = "<group>"; };
		FC56980B1C787CCA00DEEEDA /* Base */ = {isa = PBXFileReference; lastKnownFileType = file.storyboard; name = Base; path = Base.lproj/Main.storyboard; sourceTree = "<group>"; };
		FC56980D1C787CCA00DEEEDA /* Assets.xcassets */ = {isa = PBXFileReference; lastKnownFileType = folder.assetcatalog; path = Assets.xcassets; sourceTree = "<group>"; };
		FC5698101C787CCA00DEEEDA /* Base */ = {isa = PBXFileReference; lastKnownFileType = file.storyboard; name = Base; path = Base.lproj/LaunchScreen.storyboard; sourceTree = "<group>"; };
		FC5698121C787CCA00DEEEDA /* Info.plist */ = {isa = PBXFileReference; lastKnownFileType = text.plist.xml; path = Info.plist; sourceTree = "<group>"; };
		FC5698171C787CCA00DEEEDA /* uiviewTests.xctest */ = {isa = PBXFileReference; explicitFileType = wrapper.cfbundle; includeInIndex = 0; path = uiviewTests.xctest; sourceTree = BUILT_PRODUCTS_DIR; };
		FC56981B1C787CCA00DEEEDA /* uiviewTests.m */ = {isa = PBXFileReference; lastKnownFileType = sourcecode.c.objc; path = uiviewTests.m; sourceTree = "<group>"; };
		FC56981D1C787CCA00DEEEDA /* Info.plist */ = {isa = PBXFileReference; lastKnownFileType = text.plist.xml; path = Info.plist; sourceTree = "<group>"; };
		FC5698221C787CCA00DEEEDA /* uiviewUITests.xctest */ = {isa = PBXFileReference; explicitFileType = wrapper.cfbundle; includeInIndex = 0; path = uiviewUITests.xctest; sourceTree = BUILT_PRODUCTS_DIR; };
		FC5698261C787CCA00DEEEDA /* uiviewUITests.m */ = {isa = PBXFileReference; lastKnownFileType = sourcecode.c.objc; path = uiviewUITests.m; sourceTree = "<group>"; };
		FC5698281C787CCA00DEEEDA /* Info.plist */ = {isa = PBXFileReference; lastKnownFileType = text.plist.xml; path = Info.plist; sourceTree = "<group>"; };
		FC9971301C85E4FF00824FB3 /* SampleProtocol.h */ = {isa = PBXFileReference; fileEncoding = 4; lastKnownFileType = sourcecode.c.h; path = SampleProtocol.h; sourceTree = "<group>"; };
		FC9971311C85E4FF00824FB3 /* SampleProtocol.m */ = {isa = PBXFileReference; fileEncoding = 4; lastKnownFileType = sourcecode.c.objc; path = SampleProtocol.m; sourceTree = "<group>"; };
/* End PBXFileReference section */

/* Begin PBXFrameworksBuildPhase section */
		FC5697FB1C787CCA00DEEEDA /* Frameworks */ = {
			isa = PBXFrameworksBuildPhase;
			buildActionMask = 2147483647;
			files = (
			);
			runOnlyForDeploymentPostprocessing = 0;
		};
		FC5698141C787CCA00DEEEDA /* Frameworks */ = {
			isa = PBXFrameworksBuildPhase;
			buildActionMask = 2147483647;
			files = (
			);
			runOnlyForDeploymentPostprocessing = 0;
		};
		FC56981F1C787CCA00DEEEDA /* Frameworks */ = {
			isa = PBXFrameworksBuildPhase;
			buildActionMask = 2147483647;
			files = (
			);
			runOnlyForDeploymentPostprocessing = 0;
		};
/* End PBXFrameworksBuildPhase section */

/* Begin PBXGroup section */
		FC5697F51C787CCA00DEEEDA = {
			isa = PBXGroup;
			children = (
				FC5698001C787CCA00DEEEDA /* uiview */,
				FC56981A1C787CCA00DEEEDA /* uiviewTests */,
				FC5698251C787CCA00DEEEDA /* uiviewUITests */,
				FC5697FF1C787CCA00DEEEDA /* Products */,
			);
			sourceTree = "<group>";
		};
		FC5697FF1C787CCA00DEEEDA /* Products */ = {
			isa = PBXGroup;
			children = (
				FC5697FE1C787CCA00DEEEDA /* uiview.app */,
				FC5698171C787CCA00DEEEDA /* uiviewTests.xctest */,
				FC5698221C787CCA00DEEEDA /* uiviewUITests.xctest */,
			);
			name = Products;
			sourceTree = "<group>";
		};
		FC5698001C787CCA00DEEEDA /* uiview */ = {
			isa = PBXGroup;
			children = (
				FC5698041C787CCA00DEEEDA /* AppDelegate.h */,
				FC5698051C787CCA00DEEEDA /* AppDelegate.m */,
				FC5698071C787CCA00DEEEDA /* ViewController.h */,
				FC9971301C85E4FF00824FB3 /* SampleProtocol.h */,
				FC9971311C85E4FF00824FB3 /* SampleProtocol.m */,
				FC5698081C787CCA00DEEEDA /* ViewController.m */,
				FC56980A1C787CCA00DEEEDA /* Main.storyboard */,
				FC56980D1C787CCA00DEEEDA /* Assets.xcassets */,
				FC56980F1C787CCA00DEEEDA /* LaunchScreen.storyboard */,
				FC5698121C787CCA00DEEEDA /* Info.plist */,
				FC5698011C787CCA00DEEEDA /* Supporting Files */,
			);
			path = uiview;
			sourceTree = "<group>";
		};
		FC5698011C787CCA00DEEEDA /* Supporting Files */ = {
			isa = PBXGroup;
			children = (
				FC5698021C787CCA00DEEEDA /* main.m */,
			);
			name = "Supporting Files";
			sourceTree = "<group>";
		};
		FC56981A1C787CCA00DEEEDA /* uiviewTests */ = {
			isa = PBXGroup;
			children = (
				FC56981B1C787CCA00DEEEDA /* uiviewTests.m */,
				FC56981D1C787CCA00DEEEDA /* Info.plist */,
			);
			path = uiviewTests;
			sourceTree = "<group>";
		};
		FC5698251C787CCA00DEEEDA /* uiviewUITests */ = {
			isa = PBXGroup;
			children = (
				FC5698261C787CCA00DEEEDA /* uiviewUITests.m */,
				FC5698281C787CCA00DEEEDA /* Info.plist */,
			);
			path = uiviewUITests;
			sourceTree = "<group>";
		};
/* End PBXGroup section */

/* Begin PBXNativeTarget section */
		FC5697FD1C787CCA00DEEEDA /* uiview */ = {
			isa = PBXNativeTarget;
			buildConfigurationList = FC56982B1C787CCA00DEEEDA /* Build configuration list for PBXNativeTarget "uiview" */;
			buildPhases = (
				FC5697FA1C787CCA00DEEEDA /* Sources */,
				FC5697FB1C787CCA00DEEEDA /* Frameworks */,
				FC5697FC1C787CCA00DEEEDA /* Resources */,
			);
			buildRules = (
			);
			dependencies = (
			);
			name = uiview;
			productName = uiview;
			productReference = FC5697FE1C787CCA00DEEEDA /* uiview.app */;
			productType = "com.apple.product-type.application";
		};
		FC5698161C787CCA00DEEEDA /* uiviewTests */ = {
			isa = PBXNativeTarget;
			buildConfigurationList = FC56982E1C787CCA00DEEEDA /* Build configuration list for PBXNativeTarget "uiviewTests" */;
			buildPhases = (
				FC5698131C787CCA00DEEEDA /* Sources */,
				FC5698141C787CCA00DEEEDA /* Frameworks */,
				FC5698151C787CCA00DEEEDA /* Resources */,
			);
			buildRules = (
			);
			dependencies = (
				FC5698191C787CCA00DEEEDA /* PBXTargetDependency */,
			);
			name = uiviewTests;
			productName = uiviewTests;
			productReference = FC5698171C787CCA00DEEEDA /* uiviewTests.xctest */;
			productType = "com.apple.product-type.bundle.unit-test";
		};
		FC5698211C787CCA00DEEEDA /* uiviewUITests */ = {
			isa = PBXNativeTarget;
			buildConfigurationList = FC5698311C787CCA00DEEEDA /* Build configuration list for PBXNativeTarget "uiviewUITests" */;
			buildPhases = (
				FC56981E1C787CCA00DEEEDA /* Sources */,
				FC56981F1C787CCA00DEEEDA /* Frameworks */,
				FC5698201C787CCA00DEEEDA /* Resources */,
			);
			buildRules = (
			);
			dependencies = (
				FC5698241C787CCA00DEEEDA /* PBXTargetDependency */,
			);
			name = uiviewUITests;
			productName = uiviewUITests;
			productReference = FC5698221C787CCA00DEEEDA /* uiviewUITests.xctest */;
			productType = "com.apple.product-type.bundle.ui-testing";
		};
/* End PBXNativeTarget section */

/* Begin PBXProject section */
		FC5697F61C787CCA00DEEEDA /* Project object */ = {
			isa = PBXProject;
			attributes = {
				LastUpgradeCheck = 0710;
				ORGANIZATIONNAME = wxc;
				TargetAttributes = {
					FC5697FD1C787CCA00DEEEDA = {
						CreatedOnToolsVersion = 7.1.1;
					};
					FC5698161C787CCA00DEEEDA = {
						CreatedOnToolsVersion = 7.1.1;
						TestTargetID = FC5697FD1C787CCA00DEEEDA;
					};
					FC5698211C787CCA00DEEEDA = {
						CreatedOnToolsVersion = 7.1.1;
						TestTargetID = FC5697FD1C787CCA00DEEEDA;
					};
				};
			};
			buildConfigurationList = FC5697F91C787CCA00DEEEDA /* Build configuration list for PBXProject "uiview" */;
			compatibilityVersion = "Xcode 3.2";
			developmentRegion = English;
			hasScannedForEncodings = 0;
			knownRegions = (
				en,
				Base,
			);
			mainGroup = FC5697F51C787CCA00DEEEDA;
			productRefGroup = FC5697FF1C787CCA00DEEEDA /* Products */;
			projectDirPath = "";
			projectRoot = "";
			targets = (
				FC5697FD1C787CCA00DEEEDA /* uiview */,
				FC5698161C787CCA00DEEEDA /* uiviewTests */,
				FC5698211C787CCA00DEEEDA /* uiviewUITests */,
			);
		};
/* End PBXProject section */

/* Begin PBXResourcesBuildPhase section */
		FC5697FC1C787CCA00DEEEDA /* Resources */ = {
			isa = PBXResourcesBuildPhase;
			buildActionMask = 2147483647;
			files = (
				FC5698111C787CCA00DEEEDA /* LaunchScreen.storyboard in Resources */,
				FC56980E1C787CCA00DEEEDA /* Assets.xcassets in Resources */,
				FC56980C1C787CCA00DEEEDA /* Main.storyboard in Resources */,
			);
			runOnlyForDeploymentPostprocessing = 0;
		};
		FC5698151C787CCA00DEEEDA /* Resources */ = {
			isa = PBXResourcesBuildPhase;
			buildActionMask = 2147483647;
			files = (
			);
			runOnlyForDeploymentPostprocessing = 0;
		};
		FC5698201C787CCA00DEEEDA /* Resources */ = {
			isa = PBXResourcesBuildPhase;
			buildActionMask = 2147483647;
			files = (
			);
			runOnlyForDeploymentPostprocessing = 0;
		};
/* End PBXResourcesBuildPhase section */

/* Begin PBXSourcesBuildPhase section */
		FC5697FA1C787CCA00DEEEDA /* Sources */ = {
			isa = PBXSourcesBuildPhase;
			buildActionMask = 2147483647;
			files = (
				FC5698091C787CCA00DEEEDA /* ViewController.m in Sources */,
				FC5698061C787CCA00DEEEDA /* AppDelegate.m in Sources */,
				FC5698031C787CCA00DEEEDA /* main.m in Sources */,
				FC9971321C85E4FF00824FB3 /* SampleProtocol.m in Sources */,
			);
			runOnlyForDeploymentPostprocessing = 0;
		};
		FC5698131C787CCA00DEEEDA /* Sources */ = {
			isa = PBXSourcesBuildPhase;
			buildActionMask = 2147483647;
			files = (
				FC56981C1C787CCA00DEEEDA /* uiviewTests.m in Sources */,
			);
			runOnlyForDeploymentPostprocessing = 0;
		};
		FC56981E1C787CCA00DEEEDA /* Sources */ = {
			isa = PBXSourcesBuildPhase;
			buildActionMask = 2147483647;
			files = (
				FC5698271C787CCA00DEEEDA /* uiviewUITests.m in Sources */,
			);
			runOnlyForDeploymentPostprocessing = 0;
		};
/* End PBXSourcesBuildPhase section */

/* Begin PBXTargetDependency section */
		FC5698191C787CCA00DEEEDA /* PBXTargetDependency */ = {
			isa = PBXTargetDependency;
			target = FC5697FD1C787CCA00DEEEDA /* uiview */;
			targetProxy = FC5698181C787CCA00DEEEDA /* PBXContainerItemProxy */;
		};
		FC5698241C787CCA00DEEEDA /* PBXTargetDependency */ = {
			isa = PBXTargetDependency;
			target = FC5697FD1C787CCA00DEEEDA /* uiview */;
			targetProxy = FC5698231C787CCA00DEEEDA /* PBXContainerItemProxy */;
		};
/* End PBXTargetDependency section */

/* Begin PBXVariantGroup section */
		FC56980A1C787CCA00DEEEDA /* Main.storyboard */ = {
			isa = PBXVariantGroup;
			children = (
				FC56980B1C787CCA00DEEEDA /* Base */,
			);
			name = Main.storyboard;
			sourceTree = "<group>";
		};
		FC56980F1C787CCA00DEEEDA /* LaunchScreen.storyboard */ = {
			isa = PBXVariantGroup;
			children = (
				FC5698101C787CCA00DEEEDA /* Base */,
			);
			name = LaunchScreen.storyboard;
			sourceTree = "<group>";
		};
/* End PBXVariantGroup section */

/* Begin XCBuildConfiguration section */
		FC5698291C787CCA00DEEEDA /* Debug */ = {
			isa = XCBuildConfiguration;
			buildSettings = {
				ALWAYS_SEARCH_USER_PATHS = NO;
				CLANG_CXX_LANGUAGE_STANDARD = "gnu++0x";
				CLANG_CXX_LIBRARY = "libc++";
				CLANG_ENABLE_MODULES = YES;
				CLANG_ENABLE_OBJC_ARC = YES;
				CLANG_WARN_BOOL_CONVERSION = YES;
				CLANG_WARN_CONSTANT_CONVERSION = YES;
				CLANG_WARN_DIRECT_OBJC_ISA_USAGE = YES_ERROR;
				CLANG_WARN_EMPTY_BODY = YES;
				CLANG_WARN_ENUM_CONVERSION = YES;
				CLANG_WARN_INT_CONVERSION = YES;
				CLANG_WARN_OBJC_ROOT_CLASS = YES_ERROR;
				CLANG_WARN_UNREACHABLE_CODE = YES;
				CLANG_WARN__DUPLICATE_METHOD_MATCH = YES;
				"CODE_SIGN_IDENTITY[sdk=iphoneos*]" = "iPhone Developer";
				COPY_PHASE_STRIP = NO;
				DEBUG_INFORMATION_FORMAT = dwarf;
				ENABLE_STRICT_OBJC_MSGSEND = YES;
				ENABLE_TESTABILITY = YES;
				GCC_C_LANGUAGE_STANDARD = gnu99;
				GCC_DYNAMIC_NO_PIC = NO;
				GCC_NO_COMMON_BLOCKS = YES;
				GCC_OPTIMIZATION_LEVEL = 0;
				GCC_PREPROCESSOR_DEFINITIONS = (
					"DEBUG=1",
					"$(inherited)",
				);
				GCC_WARN_64_TO_32_BIT_CONVERSION = YES;
				GCC_WARN_ABOUT_RETURN_TYPE = YES_ERROR;
				GCC_WARN_UNDECLARED_SELECTOR = YES;
				GCC_WARN_UNINITIALIZED_AUTOS = YES_AGGRESSIVE;
				GCC_WARN_UNUSED_FUNCTION = YES;
				GCC_WARN_UNUSED_VARIABLE = YES;
				IPHONEOS_DEPLOYMENT_TARGET = 9.1;
				MTL_ENABLE_DEBUG_INFO = YES;
				ONLY_ACTIVE_ARCH = YES;
				SDKROOT = iphoneos;
				TARGETED_DEVICE_FAMILY = "1,2";
			};
			name = Debug;
		};
		FC56982A1C787CCA00DEEEDA /* Release */ = {
			isa = XCBuildConfiguration;
			buildSettings = {
				ALWAYS_SEARCH_USER_PATHS = NO;
				CLANG_CXX_LANGUAGE_STANDARD = "gnu++0x";
				CLANG_CXX_LIBRARY = "libc++";
				CLANG_ENABLE_MODULES = YES;
				CLANG_ENABLE_OBJC_ARC = YES;
				CLANG_WARN_BOOL_CONVERSION = YES;
				CLANG_WARN_CONSTANT_CONVERSION = YES;
				CLANG_WARN_DIRECT_OBJC_ISA_USAGE = YES_ERROR;
				CLANG_WARN_EMPTY_BODY = YES;
				CLANG_WARN_ENUM_CONVERSION = YES;
				CLANG_WARN_INT_CONVERSION = YES;
				CLANG_WARN_OBJC_ROOT_CLASS = YES_ERROR;
				CLANG_WARN_UNREACHABLE_CODE = YES;
				CLANG_WARN__DUPLICATE_METHOD_MATCH = YES;
				"CODE_SIGN_IDENTITY[sdk=iphoneos*]" = "iPhone Developer";
				COPY_PHASE_STRIP = NO;
				DEBUG_INFORMATION_FORMAT = "dwarf-with-dsym";
				ENABLE_NS_ASSERTIONS = NO;
				ENABLE_STRICT_OBJC_MSGSEND = YES;
				GCC_C_LANGUAGE_STANDARD = gnu99;
				GCC_NO_COMMON_BLOCKS = YES;
				GCC_WARN_64_TO_32_BIT_CONVERSION = YES;
				GCC_WARN_ABOUT_RETURN_TYPE = YES_ERROR;
				GCC_WARN_UNDECLARED_SELECTOR = YES;
				GCC_WARN_UNINITIALIZED_AUTOS = YES_AGGRESSIVE;
				GCC_WARN_UNUSED_FUNCTION = YES;
				GCC_WARN_UNUSED_VARIABLE = YES;
				IPHONEOS_DEPLOYMENT_TARGET = 9.1;
				MTL_ENABLE_DEBUG_INFO = NO;
				SDKROOT = iphoneos;
				TARGETED_DEVICE_FAMILY = "1,2";
				VALIDATE_PRODUCT = YES;
			};
			name = Release;
		};
		FC56982C1C787CCA00DEEEDA /* Debug */ = {
			isa = XCBuildConfiguration;
			buildSettings = {
				ASSETCATALOG_COMPILER_APPICON_NAME = AppIcon;
				INFOPLIST_FILE = uiview/Info.plist;
				LD_RUNPATH_SEARCH_PATHS = "$(inherited) @executable_path/Frameworks";
				PRODUCT_BUNDLE_IDENTIFIER = wxc.uiview;
				PRODUCT_NAME = "$(TARGET_NAME)";
			};
			name = Debug;
		};
		FC56982D1C787CCA00DEEEDA /* Release */ = {
			isa = XCBuildConfiguration;
			buildSettings = {
				ASSETCATALOG_COMPILER_APPICON_NAME = AppIcon;
				INFOPLIST_FILE = uiview/Info.plist;
				LD_RUNPATH_SEARCH_PATHS = "$(inherited) @executable_path/Frameworks";
				PRODUCT_BUNDLE_IDENTIFIER = wxc.uiview;
				PRODUCT_NAME = "$(TARGET_NAME)";
			};
			name = Release;
		};
		FC56982F1C787CCA00DEEEDA /* Debug */ = {
			isa = XCBuildConfiguration;
			buildSettings = {
				BUNDLE_LOADER = "$(TEST_HOST)";
				INFOPLIST_FILE = uiviewTests/Info.plist;
				LD_RUNPATH_SEARCH_PATHS = "$(inherited) @executable_path/Frameworks @loader_path/Frameworks";
				PRODUCT_BUNDLE_IDENTIFIER = wxc.uiviewTests;
				PRODUCT_NAME = "$(TARGET_NAME)";
				TEST_HOST = "$(BUILT_PRODUCTS_DIR)/uiview.app/uiview";
			};
			name = Debug;
		};
		FC5698301C787CCA00DEEEDA /* Release */ = {
			isa = XCBuildConfiguration;
			buildSettings = {
				BUNDLE_LOADER = "$(TEST_HOST)";
				INFOPLIST_FILE = uiviewTests/Info.plist;
				LD_RUNPATH_SEARCH_PATHS = "$(inherited) @executable_path/Frameworks @loader_path/Frameworks";
				PRODUCT_BUNDLE_IDENTIFIER = wxc.uiviewTests;
				PRODUCT_NAME = "$(TARGET_NAME)";
				TEST_HOST = "$(BUILT_PRODUCTS_DIR)/uiview.app/uiview";
			};
			name = Release;
		};
		FC5698321C787CCA00DEEEDA /* Debug */ = {
			isa = XCBuildConfiguration;
			buildSettings = {
				INFOPLIST_FILE = uiviewUITests/Info.plist;
				LD_RUNPATH_SEARCH_PATHS = "$(inherited) @executable_path/Frameworks @loader_path/Frameworks";
				PRODUCT_BUNDLE_IDENTIFIER = wxc.uiviewUITests;
				PRODUCT_NAME = "$(TARGET_NAME)";
				TEST_TARGET_NAME = uiview;
				USES_XCTRUNNER = YES;
			};
			name = Debug;
		};
		FC5698331C787CCA00DEEEDA /* Release */ = {
			isa = XCBuildConfiguration;
			buildSettings = {
				INFOPLIST_FILE = uiviewUITests/Info.plist;
				LD_RUNPATH_SEARCH_PATHS = "$(inherited) @executable_path/Frameworks @loader_path/Frameworks";
				PRODUCT_BUNDLE_IDENTIFIER = wxc.uiviewUITests;
				PRODUCT_NAME = "$(TARGET_NAME)";
				TEST_TARGET_NAME = uiview;
				USES_XCTRUNNER = YES;
			};
			name = Release;
		};
/* End XCBuildConfiguration section */

/* Begin XCConfigurationList section */
		FC5697F91C787CCA00DEEEDA /* Build configuration list for PBXProject "uiview" */ = {
			isa = XCConfigurationList;
			buildConfigurations = (
				FC5698291C787CCA00DEEEDA /* Debug */,
				FC56982A1C787CCA00DEEEDA /* Release */,
			);
			defaultConfigurationIsVisible = 0;
			defaultConfigurationName = Release;
		};
		FC56982B1C787CCA00DEEEDA /* Build configuration list for PBXNativeTarget "uiview" */ = {
			isa = XCConfigurationList;
			buildConfigurations = (
				FC56982C1C787CCA00DEEEDA /* Debug */,
				FC56982D1C787CCA00DEEEDA /* Release */,
			);
			defaultConfigurationIsVisible = 0;
			defaultConfigurationName = Release;
		};
		FC56982E1C787CCA00DEEEDA /* Build configuration list for PBXNativeTarget "uiviewTests" */ = {
			isa = XCConfigurationList;
			buildConfigurations = (
				FC56982F1C787CCA00DEEEDA /* Debug */,
				FC5698301C787CCA00DEEEDA /* Release */,
			);
			defaultConfigurationIsVisible = 0;
			defaultConfigurationName = Release;
		};
		FC5698311C787CCA00DEEEDA /* Build configuration list for PBXNativeTarget "uiviewUITests" */ = {
			isa = XCConfigurationList;
			buildConfigurations = (
				FC5698321C787CCA00DEEEDA /* Debug */,
				FC5698331C787CCA00DEEEDA /* Release */,
			);
			defaultConfigurationIsVisible = 0;
			defaultConfigurationName = Release;
		};
/* End XCConfigurationList section */
	};
	rootObject = FC5697F61C787CCA00DEEEDA /* Project object */;
}
